
Microsoft Visual Studio Solution File, Format Version 12.00
# Visual Studio Version 16
VisualStudioVersion = 16.0.29009.5
MinimumVisualStudioVersion = 10.0.40219.1
Project("{FAE04EC0-301F-11D3-BF4B-00C04F79EFBC}") = "AdminPanel", "AdminPanel\AdminPanel.csproj", "{80033B04-D871-43CC-B5D9-99D27C99584A}"
EndProject
Global
	GlobalSection(SolutionConfigurationPlatforms) = preSolution
		Debug|Any CPU = Debug|Any CPU
		Release|Any CPU = Release|Any CPU
	EndGlobalSection
	GlobalSection(ProjectConfigurationPlatforms) = postSolution
		{80033B04-D871-43CC-B5D9-99D27C99584A}.Debug|Any CPU.ActiveCfg = Debug|Any CPU
		{80033B04-D871-43CC-B5D9-99D27C99584A}.Debug|Any CPU.Build.0 = Debug|Any CPU
		{80033B04-D871-43CC-B5D9-99D27C99584A}.Release|Any CPU.ActiveCfg = Release|Any CPU
		{80033B04-D871-43CC-B5D9-99D27C99584A}.Release|Any CPU.Build.0 = Release|Any CPU
	EndGlobalSection
	GlobalSection(SolutionProperties) = preSolution
		HideSolutionNode = FALSE
	EndGlobalSection
	GlobalSection(ExtensibilityGlobals) = postSolution
		SolutionGuid = {B836B6D7-755A-4B85-AC0A-1FB69398D77E}
	EndGlobalSection
EndGlobal
